
Microsoft Visual Studio Solution File, Format Version 12.00
# Visual Studio Version 16
VisualStudioVersion = 16.0.31129.286
MinimumVisualStudioVersion = 10.0.40219.1
Project("{FAE04EC0-301F-11D3-BF4B-00C04F79EFBC}") = "RockPaperSisors", "RockPaperSisors\RockPaperSisors.csproj", "{0243F1DA-D320-45FE-A59D-5A5A59765DBB}"
EndProject
Global
	GlobalSection(SolutionConfigurationPlatforms) = preSolution
		Debug|Any CPU = Debug|Any CPU
		Release|Any CPU = Release|Any CPU
	EndGlobalSection
	GlobalSection(ProjectConfigurationPlatforms) = postSolution
		{0243F1DA-D320-45FE-A59D-5A5A59765DBB}.Debug|Any CPU.ActiveCfg = Debug|Any CPU
		{0243F1DA-D320-45FE-A59D-5A5A59765DBB}.Debug|Any CPU.Build.0 = Debug|Any CPU
		{0243F1DA-D320-45FE-A59D-5A5A59765DBB}.Release|Any CPU.ActiveCfg = Release|Any CPU
		{0243F1DA-D320-45FE-A59D-5A5A59765DBB}.Release|Any CPU.Build.0 = Release|Any CPU
	EndGlobalSection
	GlobalSection(SolutionProperties) = preSolution
		HideSolutionNode = FALSE
	EndGlobalSection
	GlobalSection(ExtensibilityGlobals) = postSolution
		SolutionGuid = {34EB71DC-EA0D-47ED-AB9A-46FF56095E16}
	EndGlobalSection
EndGlobal
